
Microsoft Visual Studio Solution File, Format Version 12.00
# Visual Studio Version 17
VisualStudioVersion = 17.8.34330.188
MinimumVisualStudioVersion = 10.0.40219.1
Project("{8BC9CEB8-8B4A-11D0-8D11-00A0C91BC942}") = "ControlStructures", "ControlStructures\ControlStructures.vcxproj", "{D0380873-FED1-4832-A96A-882F9FDEB982}"
EndProject
Project("{8BC9CEB8-8B4A-11D0-8D11-00A0C91BC942}") = "Calc", "Calc\Calc.vcxproj", "{276BEAE7-24B6-4A6A-9100-410DD8D765FD}"
EndProject
Project("{8BC9CEB8-8B4A-11D0-8D11-00A0C91BC942}") = "Shooter", "Shooter\Shooter.vcxproj", "{92CE091F-38EA-4F1D-90C2-5A18C44AF6D2}"
EndProject
Project("{8BC9CEB8-8B4A-11D0-8D11-00A0C91BC942}") = "For", "For\For.vcxproj", "{E882071A-A700-4164-80B3-DACBEFE9C13B}"
EndProject
Project("{8BC9CEB8-8B4A-11D0-8D11-00A0C91BC942}") = "Shooter2", "Shooter2\Shooter2.vcxproj", "{A10FA9D7-1765-4D8A-B9E3-A1E23434771C}"
EndProject
Project("{8BC9CEB8-8B4A-11D0-8D11-00A0C91BC942}") = "Geometry", "Geometry\Geometry.vcxproj", "{FB0AEE7D-C96B-4750-92B0-8B594311B758}"
EndProject
Project("{8BC9CEB8-8B4A-11D0-8D11-00A0C91BC942}") = "Geometry2", "Geometry2\Geometry2.vcxproj", "{80D88314-C881-436C-A2CD-28C190AC1732}"
EndProject
Project("{8BC9CEB8-8B4A-11D0-8D11-00A0C91BC942}") = "Romb", "Romb\Romb.vcxproj", "{D422484C-F937-4FF8-9C95-2DC3479D0226}"
EndProject
Project("{8BC9CEB8-8B4A-11D0-8D11-00A0C91BC942}") = "Chess", "Chess\Chess.vcxproj", "{3503BE79-D884-4E28-8ED7-168388B13537}"
EndProject
Project("{8BC9CEB8-8B4A-11D0-8D11-00A0C91BC942}") = "PascalTriangle", "PascalTriangle\PascalTriangle.vcxproj", "{7FEA71BF-D3E0-476A-B750-8515D4273926}"
EndProject
Project("{8BC9CEB8-8B4A-11D0-8D11-00A0C91BC942}") = "HardChess", "HardChess\HardChess.vcxproj", "{4E2DEE4C-2FB4-4D61-85CE-7E740DDF0782}"
EndProject
Project("{8BC9CEB8-8B4A-11D0-8D11-00A0C91BC942}") = "HardChess2", "HardChess2\HardChess2.vcxproj", "{6D2C3117-C9B9-4F98-B3A3-E142E9766751}"
EndProject
Global
	GlobalSection(SolutionConfigurationPlatforms) = preSolution
		Debug|x64 = Debug|x64
		Debug|x86 = Debug|x86
		Release|x64 = Release|x64
		Release|x86 = Release|x86
	EndGlobalSection
	GlobalSection(ProjectConfigurationPlatforms) = postSolution
		{D0380873-FED1-4832-A96A-882F9FDEB982}.Debug|x64.ActiveCfg = Debug|x64
		{D0380873-FED1-4832-A96A-882F9FDEB982}.Debug|x64.Build.0 = Debug|x64
		{D0380873-FED1-4832-A96A-882F9FDEB982}.Debug|x86.ActiveCfg = Debug|Win32
		{D0380873-FED1-4832-A96A-882F9FDEB982}.Debug|x86.Build.0 = Debug|Win32
		{D0380873-FED1-4832-A96A-882F9FDEB982}.Release|x64.ActiveCfg = Release|x64
		{D0380873-FED1-4832-A96A-882F9FDEB982}.Release|x64.Build.0 = Release|x64
		{D0380873-FED1-4832-A96A-882F9FDEB982}.Release|x86.ActiveCfg = Release|Win32
		{D0380873-FED1-4832-A96A-882F9FDEB982}.Release|x86.Build.0 = Release|Win32
		{276BEAE7-24B6-4A6A-9100-410DD8D765FD}.Debug|x64.ActiveCfg = Debug|x64
		{276BEAE7-24B6-4A6A-9100-410DD8D765FD}.Debug|x64.Build.0 = Debug|x64
		{276BEAE7-24B6-4A6A-9100-410DD8D765FD}.Debug|x86.ActiveCfg = Debug|Win32
		{276BEAE7-24B6-4A6A-9100-410DD8D765FD}.Debug|x86.Build.0 = Debug|Win32
		{276BEAE7-24B6-4A6A-9100-410DD8D765FD}.Release|x64.ActiveCfg = Release|x64
		{276BEAE7-24B6-4A6A-9100-410DD8D765FD}.Release|x64.Build.0 = Release|x64
		{276BEAE7-24B6-4A6A-9100-410DD8D765FD}.Release|x86.ActiveCfg = Release|Win32
		{276BEAE7-24B6-4A6A-9100-410DD8D765FD}.Release|x86.Build.0 = Release|Win32
		{92CE091F-38EA-4F1D-90C2-5A18C44AF6D2}.Debug|x64.ActiveCfg = Debug|x64
		{92CE091F-38EA-4F1D-90C2-5A18C44AF6D2}.Debug|x64.Build.0 = Debug|x64
		{92CE091F-38EA-4F1D-90C2-5A18C44AF6D2}.Debug|x86.ActiveCfg = Debug|Win32
		{92CE091F-38EA-4F1D-90C2-5A18C44AF6D2}.Debug|x86.Build.0 = Debug|Win32
		{92CE091F-38EA-4F1D-90C2-5A18C44AF6D2}.Release|x64.ActiveCfg = Release|x64
		{92CE091F-38EA-4F1D-90C2-5A18C44AF6D2}.Release|x64.Build.0 = Release|x64
		{92CE091F-38EA-4F1D-90C2-5A18C44AF6D2}.Release|x86.ActiveCfg = Release|Win32
		{92CE091F-38EA-4F1D-90C2-5A18C44AF6D2}.Release|x86.Build.0 = Release|Win32
		{E882071A-A700-4164-80B3-DACBEFE9C13B}.Debug|x64.ActiveCfg = Debug|x64
		{E882071A-A700-4164-80B3-DACBEFE9C13B}.Debug|x64.Build.0 = Debug|x64
		{E882071A-A700-4164-80B3-DACBEFE9C13B}.Debug|x86.ActiveCfg = Debug|Win32
		{E882071A-A700-4164-80B3-DACBEFE9C13B}.Debug|x86.Build.0 = Debug|Win32
		{E882071A-A700-4164-80B3-DACBEFE9C13B}.Release|x64.ActiveCfg = Release|x64
		{E882071A-A700-4164-80B3-DACBEFE9C13B}.Release|x64.Build.0 = Release|x64
		{E882071A-A700-4164-80B3-DACBEFE9C13B}.Release|x86.ActiveCfg = Release|Win32
		{E882071A-A700-4164-80B3-DACBEFE9C13B}.Release|x86.Build.0 = Release|Win32
		{A10FA9D7-1765-4D8A-B9E3-A1E23434771C}.Debug|x64.ActiveCfg = Debug|x64
		{A10FA9D7-1765-4D8A-B9E3-A1E23434771C}.Debug|x64.Build.0 = Debug|x64
		{A10FA9D7-1765-4D8A-B9E3-A1E23434771C}.Debug|x86.ActiveCfg = Debug|Win32
		{A10FA9D7-1765-4D8A-B9E3-A1E23434771C}.Debug|x86.Build.0 = Debug|Win32
		{A10FA9D7-1765-4D8A-B9E3-A1E23434771C}.Release|x64.ActiveCfg = Release|x64
		{A10FA9D7-1765-4D8A-B9E3-A1E23434771C}.Release|x64.Build.0 = Release|x64
		{A10FA9D7-1765-4D8A-B9E3-A1E23434771C}.Release|x86.ActiveCfg = Release|Win32
		{A10FA9D7-1765-4D8A-B9E3-A1E23434771C}.Release|x86.Build.0 = Release|Win32
		{FB0AEE7D-C96B-4750-92B0-8B594311B758}.Debug|x64.ActiveCfg = Debug|x64
		{FB0AEE7D-C96B-4750-92B0-8B594311B758}.Debug|x64.Build.0 = Debug|x64
		{FB0AEE7D-C96B-4750-92B0-8B594311B758}.Debug|x86.ActiveCfg = Debug|Win32
		{FB0AEE7D-C96B-4750-92B0-8B594311B758}.Debug|x86.Build.0 = Debug|Win32
		{FB0AEE7D-C96B-4750-92B0-8B594311B758}.Release|x64.ActiveCfg = Release|x64
		{FB0AEE7D-C96B-4750-92B0-8B594311B758}.Release|x64.Build.0 = Release|x64
		{FB0AEE7D-C96B-4750-92B0-8B594311B758}.Release|x86.ActiveCfg = Release|Win32
		{FB0AEE7D-C96B-4750-92B0-8B594311B758}.Release|x86.Build.0 = Release|Win32
		{80D88314-C881-436C-A2CD-28C190AC1732}.Debug|x64.ActiveCfg = Debug|x64
		{80D88314-C881-436C-A2CD-28C190AC1732}.Debug|x64.Build.0 = Debug|x64
		{80D88314-C881-436C-A2CD-28C190AC1732}.Debug|x86.ActiveCfg = Debug|Win32
		{80D88314-C881-436C-A2CD-28C190AC1732}.Debug|x86.Build.0 = Debug|Win32
		{80D88314-C881-436C-A2CD-28C190AC1732}.Release|x64.ActiveCfg = Release|x64
		{80D88314-C881-436C-A2CD-28C190AC1732}.Release|x64.Build.0 = Release|x64
		{80D88314-C881-436C-A2CD-28C190AC1732}.Release|x86.ActiveCfg = Release|Win32
		{80D88314-C881-436C-A2CD-28C190AC1732}.Release|x86.Build.0 = Release|Win32
		{D422484C-F937-4FF8-9C95-2DC3479D0226}.Debug|x64.ActiveCfg = Debug|x64
		{D422484C-F937-4FF8-9C95-2DC3479D0226}.Debug|x64.Build.0 = Debug|x64
		{D422484C-F937-4FF8-9C95-2DC3479D0226}.Debug|x86.ActiveCfg = Debug|Win32
		{D422484C-F937-4FF8-9C95-2DC3479D0226}.Debug|x86.Build.0 = Debug|Win32
		{D422484C-F937-4FF8-9C95-2DC3479D0226}.Release|x64.ActiveCfg = Release|x64
		{D422484C-F937-4FF8-9C95-2DC3479D0226}.Release|x64.Build.0 = Release|x64
		{D422484C-F937-4FF8-9C95-2DC3479D0226}.Release|x86.ActiveCfg = Release|Win32
		{D422484C-F937-4FF8-9C95-2DC3479D0226}.Release|x86.Build.0 = Release|Win32
		{3503BE79-D884-4E28-8ED7-168388B13537}.Debug|x64.ActiveCfg = Debug|x64
		{3503BE79-D884-4E28-8ED7-168388B13537}.Debug|x64.Build.0 = Debug|x64
		{3503BE79-D884-4E28-8ED7-168388B13537}.Debug|x86.ActiveCfg = Debug|Win32
		{3503BE79-D884-4E28-8ED7-168388B13537}.Debug|x86.Build.0 = Debug|Win32
		{3503BE79-D884-4E28-8ED7-168388B13537}.Release|x64.ActiveCfg = Release|x64
		{3503BE79-D884-4E28-8ED7-168388B13537}.Release|x64.Build.0 = Release|x64
		{3503BE79-D884-4E28-8ED7-168388B13537}.Release|x86.ActiveCfg = Release|Win32
		{3503BE79-D884-4E28-8ED7-168388B13537}.Release|x86.Build.0 = Release|Win32
		{7FEA71BF-D3E0-476A-B750-8515D4273926}.Debug|x64.ActiveCfg = Debug|x64
		{7FEA71BF-D3E0-476A-B750-8515D4273926}.Debug|x64.Build.0 = Debug|x64
		{7FEA71BF-D3E0-476A-B750-8515D4273926}.Debug|x86.ActiveCfg = Debug|Win32
		{7FEA71BF-D3E0-476A-B750-8515D4273926}.Debug|x86.Build.0 = Debug|Win32
		{7FEA71BF-D3E0-476A-B750-8515D4273926}.Release|x64.ActiveCfg = Release|x64
		{7FEA71BF-D3E0-476A-B750-8515D4273926}.Release|x64.Build.0 = Release|x64
		{7FEA71BF-D3E0-476A-B750-8515D4273926}.Release|x86.ActiveCfg = Release|Win32
		{7FEA71BF-D3E0-476A-B750-8515D4273926}.Release|x86.Build.0 = Release|Win32
		{4E2DEE4C-2FB4-4D61-85CE-7E740DDF0782}.Debug|x64.ActiveCfg = Debug|x64
		{4E2DEE4C-2FB4-4D61-85CE-7E740DDF0782}.Debug|x64.Build.0 = Debug|x64
		{4E2DEE4C-2FB4-4D61-85CE-7E740DDF0782}.Debug|x86.ActiveCfg = Debug|Win32
		{4E2DEE4C-2FB4-4D61-85CE-7E740DDF0782}.Debug|x86.Build.0 = Debug|Win32
		{4E2DEE4C-2FB4-4D61-85CE-7E740DDF0782}.Release|x64.ActiveCfg = Release|x64
		{4E2DEE4C-2FB4-4D61-85CE-7E740DDF0782}.Release|x64.Build.0 = Release|x64
		{4E2DEE4C-2FB4-4D61-85CE-7E740DDF0782}.Release|x86.ActiveCfg = Release|Win32
		{4E2DEE4C-2FB4-4D61-85CE-7E740DDF0782}.Release|x86.Build.0 = Release|Win32
		{6D2C3117-C9B9-4F98-B3A3-E142E9766751}.Debug|x64.ActiveCfg = Debug|x64
		{6D2C3117-C9B9-4F98-B3A3-E142E9766751}.Debug|x64.Build.0 = Debug|x64
		{6D2C3117-C9B9-4F98-B3A3-E142E9766751}.Debug|x86.ActiveCfg = Debug|Win32
		{6D2C3117-C9B9-4F98-B3A3-E142E9766751}.Debug|x86.Build.0 = Debug|Win32
		{6D2C3117-C9B9-4F98-B3A3-E142E9766751}.Release|x64.ActiveCfg = Release|x64
		{6D2C3117-C9B9-4F98-B3A3-E142E9766751}.Release|x64.Build.0 = Release|x64
		{6D2C3117-C9B9-4F98-B3A3-E142E9766751}.Release|x86.ActiveCfg = Release|Win32
		{6D2C3117-C9B9-4F98-B3A3-E142E9766751}.Release|x86.Build.0 = Release|Win32
	EndGlobalSection
	GlobalSection(SolutionProperties) = preSolution
		HideSolutionNode = FALSE
	EndGlobalSection
	GlobalSection(ExtensibilityGlobals) = postSolution
		SolutionGuid = {B5A1062A-1BF3-4036-931A-613149915B16}
	EndGlobalSection
EndGlobal
